// !$*UTF8*$!
{
	archiveVersion = 1;
	classes = {
	};
	objectVersion = 55;
	objects = {

/* Begin PBXBuildFile section */
		D5AC6EBD2860B32F00E22C20 /* TabBarViewController.swift in Sources */ = {isa = PBXBuildFile; fileRef = D5AC6EBC2860B32F00E22C20 /* TabBarViewController.swift */; };
		F36E6206285CA1D9002AD972 /* AppDelegate.swift in Sources */ = {isa = PBXBuildFile; fileRef = F36E6205285CA1D9002AD972 /* AppDelegate.swift */; };
		F36E6208285CA1D9002AD972 /* SceneDelegate.swift in Sources */ = {isa = PBXBuildFile; fileRef = F36E6207285CA1D9002AD972 /* SceneDelegate.swift */; };
		F36E620D285CA1D9002AD972 /* Main.storyboard in Resources */ = {isa = PBXBuildFile; fileRef = F36E620B285CA1D9002AD972 /* Main.storyboard */; };
		F36E620F285CA1DA002AD972 /* Assets.xcassets in Resources */ = {isa = PBXBuildFile; fileRef = F36E620E285CA1DA002AD972 /* Assets.xcassets */; };
		F36E6212285CA1DA002AD972 /* LaunchScreen.storyboard in Resources */ = {isa = PBXBuildFile; fileRef = F36E6210285CA1DA002AD972 /* LaunchScreen.storyboard */; };
		F36E621A285CA344002AD972 /* MusicListTableViewController.swift in Sources */ = {isa = PBXBuildFile; fileRef = F36E6219285CA344002AD972 /* MusicListTableViewController.swift */; };
		F36E621C285CA3AD002AD972 /* MusicListViewCell.swift in Sources */ = {isa = PBXBuildFile; fileRef = F36E621B285CA3AD002AD972 /* MusicListViewCell.swift */; };
		F36E621E285CA3C2002AD972 /* MusicModel.swift in Sources */ = {isa = PBXBuildFile; fileRef = F36E621D285CA3C2002AD972 /* MusicModel.swift */; };
		F36E6220285CA3D5002AD972 /* NetworkManager.swift in Sources */ = {isa = PBXBuildFile; fileRef = F36E621F285CA3D5002AD972 /* NetworkManager.swift */; };
/* End PBXBuildFile section */

/* Begin PBXFileReference section */
		D5AC6EBC2860B32F00E22C20 /* TabBarViewController.swift */ = {isa = PBXFileReference; lastKnownFileType = sourcecode.swift; path = TabBarViewController.swift; sourceTree = "<group>"; };
		D5F4C0BD2860951B00F827F2 /* MusicApp.app */ = {isa = PBXFileReference; explicitFileType = wrapper.application; includeInIndex = 0; path = MusicApp.app; sourceTree = BUILT_PRODUCTS_DIR; };
		F36E6205285CA1D9002AD972 /* AppDelegate.swift */ = {isa = PBXFileReference; lastKnownFileType = sourcecode.swift; path = AppDelegate.swift; sourceTree = "<group>"; };
		F36E6207285CA1D9002AD972 /* SceneDelegate.swift */ = {isa = PBXFileReference; lastKnownFileType = sourcecode.swift; path = SceneDelegate.swift; sourceTree = "<group>"; };
		F36E620C285CA1D9002AD972 /* Base */ = {isa = PBXFileReference; lastKnownFileType = file.storyboard; name = Base; path = Base.lproj/Main.storyboard; sourceTree = "<group>"; };
		F36E620E285CA1DA002AD972 /* Assets.xcassets */ = {isa = PBXFileReference; lastKnownFileType = folder.assetcatalog; path = Assets.xcassets; sourceTree = "<group>"; };
		F36E6211285CA1DA002AD972 /* Base */ = {isa = PBXFileReference; lastKnownFileType = file.storyboard; name = Base; path = Base.lproj/LaunchScreen.storyboard; sourceTree = "<group>"; };
		F36E6213285CA1DA002AD972 /* Info.plist */ = {isa = PBXFileReference; lastKnownFileType = text.plist.xml; path = Info.plist; sourceTree = "<group>"; };
		F36E6219285CA344002AD972 /* MusicListTableViewController.swift */ = {isa = PBXFileReference; lastKnownFileType = sourcecode.swift; path = MusicListTableViewController.swift; sourceTree = "<group>"; };
		F36E621B285CA3AD002AD972 /* MusicListViewCell.swift */ = {isa = PBXFileReference; lastKnownFileType = sourcecode.swift; path = MusicListViewCell.swift; sourceTree = "<group>"; };
		F36E621D285CA3C2002AD972 /* MusicModel.swift */ = {isa = PBXFileReference; lastKnownFileType = sourcecode.swift; path = MusicModel.swift; sourceTree = "<group>"; };
		F36E621F285CA3D5002AD972 /* NetworkManager.swift */ = {isa = PBXFileReference; lastKnownFileType = sourcecode.swift; path = NetworkManager.swift; sourceTree = "<group>"; };
/* End PBXFileReference section */

/* Begin PBXFrameworksBuildPhase section */
		F36E61FF285CA1D9002AD972 /* Frameworks */ = {
			isa = PBXFrameworksBuildPhase;
			buildActionMask = 2147483647;
			files = (
			);
			runOnlyForDeploymentPostprocessing = 0;
		};
/* End PBXFrameworksBuildPhase section */

/* Begin PBXGroup section */
		F36E61F9285CA1D9002AD972 = {
			isa = PBXGroup;
			children = (
				F36E6204285CA1D9002AD972 /* MusicApp */,
				D5F4C0BD2860951B00F827F2 /* MusicApp.app */,
			);
			sourceTree = "<group>";
		};
		F36E6204285CA1D9002AD972 /* MusicApp */ = {
			isa = PBXGroup;
			children = (
				F36E6205285CA1D9002AD972 /* AppDelegate.swift */,
				F36E6207285CA1D9002AD972 /* SceneDelegate.swift */,
				F36E6221285CA3E2002AD972 /* Storybords */,
				F36E6225285CA422002AD972 /* Views */,
				F36E6222285CA3F0002AD972 /* Model */,
				F36E6223285CA3FA002AD972 /* Services */,
				F36E6224285CA40D002AD972 /* ViewControllers */,
				F36E620E285CA1DA002AD972 /* Assets.xcassets */,
				F36E6213285CA1DA002AD972 /* Info.plist */,
			);
			path = MusicApp;
			sourceTree = "<group>";
		};
		F36E6221285CA3E2002AD972 /* Storybords */ = {
			isa = PBXGroup;
			children = (
				F36E620B285CA1D9002AD972 /* Main.storyboard */,
				F36E6210285CA1DA002AD972 /* LaunchScreen.storyboard */,
			);
			path = Storybords;
			sourceTree = "<group>";
		};
		F36E6222285CA3F0002AD972 /* Model */ = {
			isa = PBXGroup;
			children = (
				F36E621D285CA3C2002AD972 /* MusicModel.swift */,
			);
			path = Model;
			sourceTree = "<group>";
		};
		F36E6223285CA3FA002AD972 /* Services */ = {
			isa = PBXGroup;
			children = (
				F36E621F285CA3D5002AD972 /* NetworkManager.swift */,
			);
			path = Services;
			sourceTree = "<group>";
		};
		F36E6224285CA40D002AD972 /* ViewControllers */ = {
			isa = PBXGroup;
			children = (
				F36E6219285CA344002AD972 /* MusicListTableViewController.swift */,
				D5AC6EBC2860B32F00E22C20 /* TabBarViewController.swift */,
			);
			path = ViewControllers;
			sourceTree = "<group>";
		};
		F36E6225285CA422002AD972 /* Views */ = {
			isa = PBXGroup;
			children = (
				F36E621B285CA3AD002AD972 /* MusicListViewCell.swift */,
			);
			path = Views;
			sourceTree = "<group>";
		};
/* End PBXGroup section */

/* Begin PBXNativeTarget section */
		F36E6201285CA1D9002AD972 /* MusicApp */ = {
			isa = PBXNativeTarget;
			buildConfigurationList = F36E6216285CA1DA002AD972 /* Build configuration list for PBXNativeTarget "MusicApp" */;
			buildPhases = (
				F36E61FE285CA1D9002AD972 /* Sources */,
				F36E61FF285CA1D9002AD972 /* Frameworks */,
				F36E6200285CA1D9002AD972 /* Resources */,
			);
			buildRules = (
			);
			dependencies = (
			);
			name = MusicApp;
			productName = MusicApp;
			productReference = D5F4C0BD2860951B00F827F2 /* MusicApp.app */;
			productType = "com.apple.product-type.application";
		};
/* End PBXNativeTarget section */

/* Begin PBXProject section */
		F36E61FA285CA1D9002AD972 /* Project object */ = {
			isa = PBXProject;
			attributes = {
				BuildIndependentTargetsInParallel = 1;
				LastSwiftUpdateCheck = 1340;
				LastUpgradeCheck = 1340;
				TargetAttributes = {
					F36E6201285CA1D9002AD972 = {
						CreatedOnToolsVersion = 13.4.1;
					};
				};
			};
			buildConfigurationList = F36E61FD285CA1D9002AD972 /* Build configuration list for PBXProject "MusicApp" */;
			compatibilityVersion = "Xcode 13.0";
			developmentRegion = en;
			hasScannedForEncodings = 0;
			knownRegions = (
				en,
				Base,
			);
			mainGroup = F36E61F9285CA1D9002AD972;
			productRefGroup = F36E61F9285CA1D9002AD972;
			projectDirPath = "";
			projectRoot = "";
			targets = (
				F36E6201285CA1D9002AD972 /* MusicApp */,
			);
		};
/* End PBXProject section */

/* Begin PBXResourcesBuildPhase section */
		F36E6200285CA1D9002AD972 /* Resources */ = {
			isa = PBXResourcesBuildPhase;
			buildActionMask = 2147483647;
			files = (
				F36E6212285CA1DA002AD972 /* LaunchScreen.storyboard in Resources */,
				F36E620F285CA1DA002AD972 /* Assets.xcassets in Resources */,
				F36E620D285CA1D9002AD972 /* Main.storyboard in Resources */,
			);
			runOnlyForDeploymentPostprocessing = 0;
		};
/* End PBXResourcesBuildPhase section */

/* Begin PBXSourcesBuildPhase section */
		F36E61FE285CA1D9002AD972 /* Sources */ = {
			isa = PBXSourcesBuildPhase;
			buildActionMask = 2147483647;
			files = (
				F36E6220285CA3D5002AD972 /* NetworkManager.swift in Sources */,
				F36E621A285CA344002AD972 /* MusicListTableViewController.swift in Sources */,
				F36E6206285CA1D9002AD972 /* AppDelegate.swift in Sources */,
				F36E621C285CA3AD002AD972 /* MusicListViewCell.swift in Sources */,
				D5AC6EBD2860B32F00E22C20 /* TabBarViewController.swift in Sources */,
				F36E621E285CA3C2002AD972 /* MusicModel.swift in Sources */,
				F36E6208285CA1D9002AD972 /* SceneDelegate.swift in Sources */,
			);
			runOnlyForDeploymentPostprocessing = 0;
		};
/* End PBXSourcesBuildPhase section */

/* Begin PBXVariantGroup section */
		F36E620B285CA1D9002AD972 /* Main.storyboard */ = {
			isa = PBXVariantGroup;
			children = (
				F36E620C285CA1D9002AD972 /* Base */,
			);
			name = Main.storyboard;
			sourceTree = "<group>";
		};
		F36E6210285CA1DA002AD972 /* LaunchScreen.storyboard */ = {
			isa = PBXVariantGroup;
			children = (
				F36E6211285CA1DA002AD972 /* Base */,
			);
			name = LaunchScreen.storyboard;
			sourceTree = "<group>";
		};
/* End PBXVariantGroup section */

/* Begin XCBuildConfiguration section */
		F36E6214285CA1DA002AD972 /* Debug */ = {
			isa = XCBuildConfiguration;
			buildSettings = {
				ALWAYS_SEARCH_USER_PATHS = NO;
				APPLICATION_EXTENSION_API_ONLY = NO;
				CLANG_ANALYZER_NONNULL = YES;
				CLANG_ANALYZER_NUMBER_OBJECT_CONVERSION = YES_AGGRESSIVE;
				CLANG_CXX_LANGUAGE_STANDARD = "gnu++17";
				CLANG_ENABLE_MODULES = YES;
				CLANG_ENABLE_OBJC_ARC = YES;
				CLANG_ENABLE_OBJC_WEAK = YES;
				CLANG_WARN_BLOCK_CAPTURE_AUTORELEASING = YES;
				CLANG_WARN_BOOL_CONVERSION = YES;
				CLANG_WARN_COMMA = YES;
				CLANG_WARN_CONSTANT_CONVERSION = YES;
				CLANG_WARN_DEPRECATED_OBJC_IMPLEMENTATIONS = YES;
				CLANG_WARN_DIRECT_OBJC_ISA_USAGE = YES_ERROR;
				CLANG_WARN_DOCUMENTATION_COMMENTS = YES;
				CLANG_WARN_EMPTY_BODY = YES;
				CLANG_WARN_ENUM_CONVERSION = YES;
				CLANG_WARN_INFINITE_RECURSION = YES;
				CLANG_WARN_INT_CONVERSION = YES;
				CLANG_WARN_NON_LITERAL_NULL_CONVERSION = YES;
				CLANG_WARN_OBJC_IMPLICIT_RETAIN_SELF = YES;
				CLANG_WARN_OBJC_LITERAL_CONVERSION = YES;
				CLANG_WARN_OBJC_ROOT_CLASS = YES_ERROR;
				CLANG_WARN_QUOTED_INCLUDE_IN_FRAMEWORK_HEADER = YES;
				CLANG_WARN_RANGE_LOOP_ANALYSIS = YES;
				CLANG_WARN_STRICT_PROTOTYPES = YES;
				CLANG_WARN_SUSPICIOUS_MOVE = YES;
				CLANG_WARN_UNGUARDED_AVAILABILITY = YES_AGGRESSIVE;
				CLANG_WARN_UNREACHABLE_CODE = YES;
				CLANG_WARN__DUPLICATE_METHOD_MATCH = YES;
				COPY_PHASE_STRIP = NO;
				DEBUG_INFORMATION_FORMAT = dwarf;
				ENABLE_STRICT_OBJC_MSGSEND = YES;
				ENABLE_TESTABILITY = YES;
				ENABLE_TESTING_SEARCH_PATHS = NO;
				GCC_C_LANGUAGE_STANDARD = gnu11;
				GCC_DYNAMIC_NO_PIC = NO;
				GCC_NO_COMMON_BLOCKS = YES;
				GCC_OPTIMIZATION_LEVEL = 0;
				GCC_PREPROCESSOR_DEFINITIONS = (
					"DEBUG=1",
					"$(inherited)",
				);
				GCC_WARN_64_TO_32_BIT_CONVERSION = YES;
				GCC_WARN_ABOUT_RETURN_TYPE = YES_ERROR;
				GCC_WARN_UNDECLARED_SELECTOR = YES;
				GCC_WARN_UNINITIALIZED_AUTOS = YES_AGGRESSIVE;
				GCC_WARN_UNUSED_FUNCTION = YES;
				GCC_WARN_UNUSED_VARIABLE = YES;
				IPHONEOS_DEPLOYMENT_TARGET = 15.5;
				MTL_ENABLE_DEBUG_INFO = INCLUDE_SOURCE;
				MTL_FAST_MATH = YES;
				ONLY_ACTIVE_ARCH = YES;
				SDKROOT = iphoneos;
				SWIFT_ACTIVE_COMPILATION_CONDITIONS = DEBUG;
				SWIFT_OPTIMIZATION_LEVEL = "-Onone";
			};
			name = Debug;
		};
		F36E6215285CA1DA002AD972 /* Release */ = {
			isa = XCBuildConfiguration;
			buildSettings = {
				ALWAYS_SEARCH_USER_PATHS = NO;
				APPLICATION_EXTENSION_API_ONLY = NO;
				CLANG_ANALYZER_NONNULL = YES;
				CLANG_ANALYZER_NUMBER_OBJECT_CONVERSION = YES_AGGRESSIVE;
				CLANG_CXX_LANGUAGE_STANDARD = "gnu++17";
				CLANG_ENABLE_MODULES = YES;
				CLANG_ENABLE_OBJC_ARC = YES;
				CLANG_ENABLE_OBJC_WEAK = YES;
				CLANG_WARN_BLOCK_CAPTURE_AUTORELEASING = YES;
				CLANG_WARN_BOOL_CONVERSION = YES;
				CLANG_WARN_COMMA = YES;
				CLANG_WARN_CONSTANT_CONVERSION = YES;
				CLANG_WARN_DEPRECATED_OBJC_IMPLEMENTATIONS = YES;
				CLANG_WARN_DIRECT_OBJC_ISA_USAGE = YES_ERROR;
				CLANG_WARN_DOCUMENTATION_COMMENTS = YES;
				CLANG_WARN_EMPTY_BODY = YES;
				CLANG_WARN_ENUM_CONVERSION = YES;
				CLANG_WARN_INFINITE_RECURSION = YES;
				CLANG_WARN_INT_CONVERSION = YES;
				CLANG_WARN_NON_LITERAL_NULL_CONVERSION = YES;
				CLANG_WARN_OBJC_IMPLICIT_RETAIN_SELF = YES;
				CLANG_WARN_OBJC_LITERAL_CONVERSION = YES;
				CLANG_WARN_OBJC_ROOT_CLASS = YES_ERROR;
				CLANG_WARN_QUOTED_INCLUDE_IN_FRAMEWORK_HEADER = YES;
				CLANG_WARN_RANGE_LOOP_ANALYSIS = YES;
				CLANG_WARN_STRICT_PROTOTYPES = YES;
				CLANG_WARN_SUSPICIOUS_MOVE = YES;
				CLANG_WARN_UNGUARDED_AVAILABILITY = YES_AGGRESSIVE;
				CLANG_WARN_UNREACHABLE_CODE = YES;
				CLANG_WARN__DUPLICATE_METHOD_MATCH = YES;
				COPY_PHASE_STRIP = NO;
				DEBUG_INFORMATION_FORMAT = "dwarf-with-dsym";
				ENABLE_NS_ASSERTIONS = NO;
				ENABLE_STRICT_OBJC_MSGSEND = YES;
				ENABLE_TESTING_SEARCH_PATHS = NO;
				GCC_C_LANGUAGE_STANDARD = gnu11;
				GCC_NO_COMMON_BLOCKS = YES;
				GCC_WARN_64_TO_32_BIT_CONVERSION = YES;
				GCC_WARN_ABOUT_RETURN_TYPE = YES_ERROR;
				GCC_WARN_UNDECLARED_SELECTOR = YES;
				GCC_WARN_UNINITIALIZED_AUTOS = YES_AGGRESSIVE;
				GCC_WARN_UNUSED_FUNCTION = YES;
				GCC_WARN_UNUSED_VARIABLE = YES;
				IPHONEOS_DEPLOYMENT_TARGET = 15.5;
				MTL_ENABLE_DEBUG_INFO = NO;
				MTL_FAST_MATH = YES;
				SDKROOT = iphoneos;
				SWIFT_COMPILATION_MODE = wholemodule;
				SWIFT_OPTIMIZATION_LEVEL = "-O";
				VALIDATE_PRODUCT = YES;
			};
			name = Release;
		};
		F36E6217285CA1DA002AD972 /* Debug */ = {
			isa = XCBuildConfiguration;
			buildSettings = {
				ASSETCATALOG_COMPILER_APPICON_NAME = AppIcon;
				ASSETCATALOG_COMPILER_GLOBAL_ACCENT_COLOR_NAME = AccentColor;
				CODE_SIGN_STYLE = Automatic;
				CURRENT_PROJECT_VERSION = 1;
				DEVELOPMENT_TEAM = NPAYPRDTKS;
				GENERATE_INFOPLIST_FILE = YES;
				INFOPLIST_FILE = MusicApp/Info.plist;
				INFOPLIST_KEY_UIApplicationSupportsIndirectInputEvents = YES;
				INFOPLIST_KEY_UILaunchStoryboardName = LaunchScreen;
				INFOPLIST_KEY_UIMainStoryboardFile = Main;
				INFOPLIST_KEY_UISupportedInterfaceOrientations_iPad = "UIInterfaceOrientationPortrait UIInterfaceOrientationPortraitUpsideDown UIInterfaceOrientationLandscapeLeft UIInterfaceOrientationLandscapeRight";
				INFOPLIST_KEY_UISupportedInterfaceOrientations_iPhone = "UIInterfaceOrientationPortrait UIInterfaceOrientationLandscapeLeft UIInterfaceOrientationLandscapeRight";
				MARKETING_VERSION = 1.0;
				PRODUCT_BUNDLE_IDENTIFIER = SakhbievArtur.MusicApp;
				PRODUCT_NAME = "$(TARGET_NAME)";
				SWIFT_EMIT_LOC_STRINGS = YES;
				SWIFT_VERSION = 5.0;
				TARGETED_DEVICE_FAMILY = "1,2";
			};
			name = Debug;
		};
		F36E6218285CA1DA002AD972 /* Release */ = {
			isa = XCBuildConfiguration;
			buildSettings = {
				ASSETCATALOG_COMPILER_APPICON_NAME = AppIcon;
				ASSETCATALOG_COMPILER_GLOBAL_ACCENT_COLOR_NAME = AccentColor;
				CODE_SIGN_STYLE = Automatic;
				CURRENT_PROJECT_VERSION = 1;
				DEVELOPMENT_TEAM = NPAYPRDTKS;
				GENERATE_INFOPLIST_FILE = YES;
				INFOPLIST_FILE = MusicApp/Info.plist;
				INFOPLIST_KEY_UIApplicationSupportsIndirectInputEvents = YES;
				INFOPLIST_KEY_UILaunchStoryboardName = LaunchScreen;
				INFOPLIST_KEY_UIMainStoryboardFile = Main;
				INFOPLIST_KEY_UISupportedInterfaceOrientations_iPad = "UIInterfaceOrientationPortrait UIInterfaceOrientationPortraitUpsideDown UIInterfaceOrientationLandscapeLeft UIInterfaceOrientationLandscapeRight";
				INFOPLIST_KEY_UISupportedInterfaceOrientations_iPhone = "UIInterfaceOrientationPortrait UIInterfaceOrientationLandscapeLeft UIInterfaceOrientationLandscapeRight";
				MARKETING_VERSION = 1.0;
				PRODUCT_BUNDLE_IDENTIFIER = SakhbievArtur.MusicApp;
				PRODUCT_NAME = "$(TARGET_NAME)";
				SWIFT_EMIT_LOC_STRINGS = YES;
				SWIFT_VERSION = 5.0;
				TARGETED_DEVICE_FAMILY = "1,2";
			};
			name = Release;
		};
/* End XCBuildConfiguration section */

/* Begin XCConfigurationList section */
		F36E61FD285CA1D9002AD972 /* Build configuration list for PBXProject "MusicApp" */ = {
			isa = XCConfigurationList;
			buildConfigurations = (
				F36E6214285CA1DA002AD972 /* Debug */,
				F36E6215285CA1DA002AD972 /* Release */,
			);
			defaultConfigurationIsVisible = 0;
			defaultConfigurationName = Release;
		};
		F36E6216285CA1DA002AD972 /* Build configuration list for PBXNativeTarget "MusicApp" */ = {
			isa = XCConfigurationList;
			buildConfigurations = (
				F36E6217285CA1DA002AD972 /* Debug */,
				F36E6218285CA1DA002AD972 /* Release */,
			);
			defaultConfigurationIsVisible = 0;
			defaultConfigurationName = Release;
		};
/* End XCConfigurationList section */
	};
	rootObject = F36E61FA285CA1D9002AD972 /* Project object */;
}
